
Microsoft Visual Studio Solution File, Format Version 12.00
# Visual Studio Version 16
VisualStudioVersion = 16.0.30413.136
MinimumVisualStudioVersion = 10.0.40219.1
Project("{9A19103F-16F7-4668-BE54-9A1E7A4F7556}") = "Gtt.CodeWorks", "Gtt.CodeWorks\Gtt.CodeWorks.csproj", "{FC733458-D6F9-4577-AC82-FBD2256E3449}"
EndProject
Project("{9A19103F-16F7-4668-BE54-9A1E7A4F7556}") = "Gtt.CodeWorks.EasyNetQ", "Gtt.CodeWorks.EasyNetQ\Gtt.CodeWorks.EasyNetQ.csproj", "{A38FD8B7-04CD-4204-9B56-3EBFE6FA7B72}"
EndProject
Project("{9A19103F-16F7-4668-BE54-9A1E7A4F7556}") = "Gtt.CodeWorks.Tests", "Gtt.CodeWorks.Tests\Gtt.CodeWorks.Tests.csproj", "{B776AF14-8315-4A81-AF84-CA599EB2ED59}"
EndProject
Project("{9A19103F-16F7-4668-BE54-9A1E7A4F7556}") = "Gtt.CodeWorks.Serializers.TextJson", "Gtt.CodeWorks.Serializers.TextJson\Gtt.CodeWorks.Serializers.TextJson.csproj", "{7B75FC89-1E6C-4AB9-936B-6CF896AAB2E2}"
EndProject
Project("{9A19103F-16F7-4668-BE54-9A1E7A4F7556}") = "Gtt.CodeWorks.Tokenizer", "Gtt.CodeWorks.Tokenizer\Gtt.CodeWorks.Tokenizer.csproj", "{9743F254-A478-420A-BECE-19231C5F3352}"
EndProject
Project("{9A19103F-16F7-4668-BE54-9A1E7A4F7556}") = "Gtt.CodeWorks.SampleWeb", "Gtt.CodeWorks.SampleWeb\Gtt.CodeWorks.SampleWeb.csproj", "{EE26C10F-C32B-49BE-B7C3-F1C805E511BF}"
EndProject
Project("{2150E333-8FDC-42A3-9474-1A3956D46DE8}") = "Samples", "Samples", "{3BAC12EC-7ACC-48E3-9EF6-1A9A321766C0}"
EndProject
Project("{9A19103F-16F7-4668-BE54-9A1E7A4F7556}") = "Gtt.CodeWorks.Redis", "Gtt.CodeWorks.Redis\Gtt.CodeWorks.Redis.csproj", "{4E8A37F2-7D1E-4879-88AE-BEC0D63087B5}"
EndProject
Project("{9A19103F-16F7-4668-BE54-9A1E7A4F7556}") = "Gtt.CodeWorks.DataAnnotations", "Gtt.CodeWorks.DataAnnotations\Gtt.CodeWorks.DataAnnotations.csproj", "{28C35213-EA8E-41F3-B75C-46B5619CB909}"
EndProject
Project("{9A19103F-16F7-4668-BE54-9A1E7A4F7556}") = "Gtt.CodeWorks.SampleAzureFunc", "Gtt.CodeWorks.SampleAzureFunc\Gtt.CodeWorks.SampleAzureFunc.csproj", "{AB8EA83F-2035-4765-93AC-11D66C559C3F}"
EndProject
Project("{9A19103F-16F7-4668-BE54-9A1E7A4F7556}") = "Gtt.CodeWorks.Functions.Host", "Gtt.CodeWorks.Functions.Host\Gtt.CodeWorks.Functions.Host.csproj", "{58D5B3EB-4868-4601-87CD-700490549DF6}"
EndProject
Project("{9A19103F-16F7-4668-BE54-9A1E7A4F7556}") = "Gtt.CodeWorks.SampleServices", "Gtt.CodeWorks.SampleServices\Gtt.CodeWorks.SampleServices.csproj", "{A4F67136-6E7F-4B55-899F-1D32AD7E584E}"
EndProject
Project("{FAE04EC0-301F-11D3-BF4B-00C04F79EFBC}") = "Gtt.CodeWorks.StateMachines", "Gtt.CodeWorks.StateMachines\Gtt.CodeWorks.StateMachines.csproj", "{9E50CC8E-4FA6-4A92-8D0B-8358C2326E26}"
EndProject
Global
	GlobalSection(SolutionConfigurationPlatforms) = preSolution
		Debug|Any CPU = Debug|Any CPU
		Release|Any CPU = Release|Any CPU
	EndGlobalSection
	GlobalSection(ProjectConfigurationPlatforms) = postSolution
		{FC733458-D6F9-4577-AC82-FBD2256E3449}.Debug|Any CPU.ActiveCfg = Debug|Any CPU
		{FC733458-D6F9-4577-AC82-FBD2256E3449}.Debug|Any CPU.Build.0 = Debug|Any CPU
		{FC733458-D6F9-4577-AC82-FBD2256E3449}.Release|Any CPU.ActiveCfg = Release|Any CPU
		{FC733458-D6F9-4577-AC82-FBD2256E3449}.Release|Any CPU.Build.0 = Release|Any CPU
		{A38FD8B7-04CD-4204-9B56-3EBFE6FA7B72}.Debug|Any CPU.ActiveCfg = Debug|Any CPU
		{A38FD8B7-04CD-4204-9B56-3EBFE6FA7B72}.Debug|Any CPU.Build.0 = Debug|Any CPU
		{A38FD8B7-04CD-4204-9B56-3EBFE6FA7B72}.Release|Any CPU.ActiveCfg = Release|Any CPU
		{A38FD8B7-04CD-4204-9B56-3EBFE6FA7B72}.Release|Any CPU.Build.0 = Release|Any CPU
		{B776AF14-8315-4A81-AF84-CA599EB2ED59}.Debug|Any CPU.ActiveCfg = Debug|Any CPU
		{B776AF14-8315-4A81-AF84-CA599EB2ED59}.Debug|Any CPU.Build.0 = Debug|Any CPU
		{B776AF14-8315-4A81-AF84-CA599EB2ED59}.Release|Any CPU.ActiveCfg = Release|Any CPU
		{B776AF14-8315-4A81-AF84-CA599EB2ED59}.Release|Any CPU.Build.0 = Release|Any CPU
		{7B75FC89-1E6C-4AB9-936B-6CF896AAB2E2}.Debug|Any CPU.ActiveCfg = Debug|Any CPU
		{7B75FC89-1E6C-4AB9-936B-6CF896AAB2E2}.Debug|Any CPU.Build.0 = Debug|Any CPU
		{7B75FC89-1E6C-4AB9-936B-6CF896AAB2E2}.Release|Any CPU.ActiveCfg = Release|Any CPU
		{7B75FC89-1E6C-4AB9-936B-6CF896AAB2E2}.Release|Any CPU.Build.0 = Release|Any CPU
		{9743F254-A478-420A-BECE-19231C5F3352}.Debug|Any CPU.ActiveCfg = Debug|Any CPU
		{9743F254-A478-420A-BECE-19231C5F3352}.Debug|Any CPU.Build.0 = Debug|Any CPU
		{9743F254-A478-420A-BECE-19231C5F3352}.Release|Any CPU.ActiveCfg = Release|Any CPU
		{9743F254-A478-420A-BECE-19231C5F3352}.Release|Any CPU.Build.0 = Release|Any CPU
		{EE26C10F-C32B-49BE-B7C3-F1C805E511BF}.Debug|Any CPU.ActiveCfg = Debug|Any CPU
		{EE26C10F-C32B-49BE-B7C3-F1C805E511BF}.Debug|Any CPU.Build.0 = Debug|Any CPU
		{EE26C10F-C32B-49BE-B7C3-F1C805E511BF}.Release|Any CPU.ActiveCfg = Release|Any CPU
		{EE26C10F-C32B-49BE-B7C3-F1C805E511BF}.Release|Any CPU.Build.0 = Release|Any CPU
		{4E8A37F2-7D1E-4879-88AE-BEC0D63087B5}.Debug|Any CPU.ActiveCfg = Debug|Any CPU
		{4E8A37F2-7D1E-4879-88AE-BEC0D63087B5}.Debug|Any CPU.Build.0 = Debug|Any CPU
		{4E8A37F2-7D1E-4879-88AE-BEC0D63087B5}.Release|Any CPU.ActiveCfg = Release|Any CPU
		{4E8A37F2-7D1E-4879-88AE-BEC0D63087B5}.Release|Any CPU.Build.0 = Release|Any CPU
		{28C35213-EA8E-41F3-B75C-46B5619CB909}.Debug|Any CPU.ActiveCfg = Debug|Any CPU
		{28C35213-EA8E-41F3-B75C-46B5619CB909}.Debug|Any CPU.Build.0 = Debug|Any CPU
		{28C35213-EA8E-41F3-B75C-46B5619CB909}.Release|Any CPU.ActiveCfg = Release|Any CPU
		{28C35213-EA8E-41F3-B75C-46B5619CB909}.Release|Any CPU.Build.0 = Release|Any CPU
		{AB8EA83F-2035-4765-93AC-11D66C559C3F}.Debug|Any CPU.ActiveCfg = Debug|Any CPU
		{AB8EA83F-2035-4765-93AC-11D66C559C3F}.Debug|Any CPU.Build.0 = Debug|Any CPU
		{AB8EA83F-2035-4765-93AC-11D66C559C3F}.Release|Any CPU.ActiveCfg = Release|Any CPU
		{AB8EA83F-2035-4765-93AC-11D66C559C3F}.Release|Any CPU.Build.0 = Release|Any CPU
		{58D5B3EB-4868-4601-87CD-700490549DF6}.Debug|Any CPU.ActiveCfg = Debug|Any CPU
		{58D5B3EB-4868-4601-87CD-700490549DF6}.Debug|Any CPU.Build.0 = Debug|Any CPU
		{58D5B3EB-4868-4601-87CD-700490549DF6}.Release|Any CPU.ActiveCfg = Release|Any CPU
		{58D5B3EB-4868-4601-87CD-700490549DF6}.Release|Any CPU.Build.0 = Release|Any CPU
		{A4F67136-6E7F-4B55-899F-1D32AD7E584E}.Debug|Any CPU.ActiveCfg = Debug|Any CPU
		{A4F67136-6E7F-4B55-899F-1D32AD7E584E}.Debug|Any CPU.Build.0 = Debug|Any CPU
		{A4F67136-6E7F-4B55-899F-1D32AD7E584E}.Release|Any CPU.ActiveCfg = Release|Any CPU
		{A4F67136-6E7F-4B55-899F-1D32AD7E584E}.Release|Any CPU.Build.0 = Release|Any CPU
		{9E50CC8E-4FA6-4A92-8D0B-8358C2326E26}.Debug|Any CPU.ActiveCfg = Debug|Any CPU
		{9E50CC8E-4FA6-4A92-8D0B-8358C2326E26}.Debug|Any CPU.Build.0 = Debug|Any CPU
		{9E50CC8E-4FA6-4A92-8D0B-8358C2326E26}.Release|Any CPU.ActiveCfg = Release|Any CPU
		{9E50CC8E-4FA6-4A92-8D0B-8358C2326E26}.Release|Any CPU.Build.0 = Release|Any CPU
	EndGlobalSection
	GlobalSection(SolutionProperties) = preSolution
		HideSolutionNode = FALSE
	EndGlobalSection
	GlobalSection(NestedProjects) = preSolution
		{EE26C10F-C32B-49BE-B7C3-F1C805E511BF} = {3BAC12EC-7ACC-48E3-9EF6-1A9A321766C0}
		{AB8EA83F-2035-4765-93AC-11D66C559C3F} = {3BAC12EC-7ACC-48E3-9EF6-1A9A321766C0}
		{A4F67136-6E7F-4B55-899F-1D32AD7E584E} = {3BAC12EC-7ACC-48E3-9EF6-1A9A321766C0}
	EndGlobalSection
	GlobalSection(ExtensibilityGlobals) = postSolution
		SolutionGuid = {AFE85099-AE5F-4C27-8750-56E5A26AE1B6}
	EndGlobalSection
EndGlobal
